
Microsoft Visual Studio Solution File, Format Version 12.00
# Visual Studio Version 17
VisualStudioVersion = 17.1.32210.238
MinimumVisualStudioVersion = 10.0.40219.1
Project("{9A19103F-16F7-4668-BE54-9A1E7A4F7556}") = "SkyBoard", "SkyBoard.csproj", "{6E056170-29DE-4F27-8974-EDA1C8E74461}"
EndProject
Project("{2150E333-8FDC-42A3-9474-1A3956D46DE8}") = "Solution Items", "Solution Items", "{F95F61DE-160D-441C-BC85-A27B496AA82F}"
	ProjectSection(SolutionItems) = preProject
		.editorconfig = .editorconfig
	EndProjectSection
EndProject
Global
	GlobalSection(SolutionConfigurationPlatforms) = preSolution
		Debug|Any CPU = Debug|Any CPU
		Release|Any CPU = Release|Any CPU
	EndGlobalSection
	GlobalSection(ProjectConfigurationPlatforms) = postSolution
		{6E056170-29DE-4F27-8974-EDA1C8E74461}.Debug|Any CPU.ActiveCfg = Debug|Any CPU
		{6E056170-29DE-4F27-8974-EDA1C8E74461}.Debug|Any CPU.Build.0 = Debug|Any CPU
		{6E056170-29DE-4F27-8974-EDA1C8E74461}.Release|Any CPU.ActiveCfg = Release|Any CPU
		{6E056170-29DE-4F27-8974-EDA1C8E74461}.Release|Any CPU.Build.0 = Release|Any CPU
	EndGlobalSection
	GlobalSection(SolutionProperties) = preSolution
		HideSolutionNode = FALSE
	EndGlobalSection
	GlobalSection(ExtensibilityGlobals) = postSolution
		SolutionGuid = {B5783CA0-0FE2-4F72-BF85-FC418048640F}
	EndGlobalSection
EndGlobal
